
Microsoft Visual Studio Solution File, Format Version 12.00
# Visual Studio Version 17
VisualStudioVersion = 17.1.32228.430
MinimumVisualStudioVersion = 10.0.40219.1
Project("{2150E333-8FDC-42A3-9474-1A3956D46DE8}") = "Order.Write.Solution", "Order.Write.Solution", "{0EBDBF32-B4A0-4257-83A8-3565F6AF49AE}"
EndProject
Project("{2150E333-8FDC-42A3-9474-1A3956D46DE8}") = "Order.Read.Solution", "Order.Read.Solution", "{01A7D907-5C0F-4607-906E-DC022866E491}"
EndProject
Project("{2150E333-8FDC-42A3-9474-1A3956D46DE8}") = "Contracts", "Contracts", "{D9737366-C9B2-4056-85AF-4F439275F023}"
EndProject
Project("{9A19103F-16F7-4668-BE54-9A1E7A4F7556}") = "Order.Contracts", "Order.Contracts\Order.Contracts.csproj", "{7BBF355A-DFEB-46C4-80A6-537E97489621}"
EndProject
Project("{9A19103F-16F7-4668-BE54-9A1E7A4F7556}") = "Order.Read", "Order.Read\Order.Read.csproj", "{0984C47F-38CD-467C-BFD4-4E4D73FFA76F}"
EndProject
Project("{9A19103F-16F7-4668-BE54-9A1E7A4F7556}") = "Order.Read.Application", "Order.Read.Application\Order.Read.Application.csproj", "{D4EA8AB8-8789-4AD1-A5B0-354D5E69A596}"
EndProject
Project("{9A19103F-16F7-4668-BE54-9A1E7A4F7556}") = "Order.Write", "Order.Write\Order.Write.csproj", "{AD0D4137-081C-4ED5-8663-560FFDF88086}"
EndProject
Project("{9A19103F-16F7-4668-BE54-9A1E7A4F7556}") = "Order.Write.Application", "Order.Write.Application\Order.Write.Application.csproj", "{7964017C-F333-42A0-A54B-F560D210852C}"
EndProject
Project("{9A19103F-16F7-4668-BE54-9A1E7A4F7556}") = "Order.Write.Domain", "Order.Write.Domain\Order.Write.Domain.csproj", "{C6BD98B2-E462-45C8-B743-D8135FD53315}"
EndProject
Project("{2150E333-8FDC-42A3-9474-1A3956D46DE8}") = "Order.Write.ProcessManager.Solution", "Order.Write.ProcessManager.Solution", "{330629D9-20E6-4C34-9706-4C6CFE307B07}"
EndProject
Project("{FAE04EC0-301F-11D3-BF4B-00C04F79EFBC}") = "Order.Write.ProcessManager", "Order.Write.ProcessManager\Order.Write.ProcessManager.csproj", "{C75173C2-D20B-44F3-B1C2-211757722565}"
EndProject
Global
	GlobalSection(SolutionConfigurationPlatforms) = preSolution
		Debug|Any CPU = Debug|Any CPU
		Release|Any CPU = Release|Any CPU
	EndGlobalSection
	GlobalSection(ProjectConfigurationPlatforms) = postSolution
		{7BBF355A-DFEB-46C4-80A6-537E97489621}.Debug|Any CPU.ActiveCfg = Debug|Any CPU
		{7BBF355A-DFEB-46C4-80A6-537E97489621}.Debug|Any CPU.Build.0 = Debug|Any CPU
		{7BBF355A-DFEB-46C4-80A6-537E97489621}.Release|Any CPU.ActiveCfg = Release|Any CPU
		{7BBF355A-DFEB-46C4-80A6-537E97489621}.Release|Any CPU.Build.0 = Release|Any CPU
		{0984C47F-38CD-467C-BFD4-4E4D73FFA76F}.Debug|Any CPU.ActiveCfg = Debug|Any CPU
		{0984C47F-38CD-467C-BFD4-4E4D73FFA76F}.Debug|Any CPU.Build.0 = Debug|Any CPU
		{0984C47F-38CD-467C-BFD4-4E4D73FFA76F}.Release|Any CPU.ActiveCfg = Release|Any CPU
		{0984C47F-38CD-467C-BFD4-4E4D73FFA76F}.Release|Any CPU.Build.0 = Release|Any CPU
		{D4EA8AB8-8789-4AD1-A5B0-354D5E69A596}.Debug|Any CPU.ActiveCfg = Debug|Any CPU
		{D4EA8AB8-8789-4AD1-A5B0-354D5E69A596}.Debug|Any CPU.Build.0 = Debug|Any CPU
		{D4EA8AB8-8789-4AD1-A5B0-354D5E69A596}.Release|Any CPU.ActiveCfg = Release|Any CPU
		{D4EA8AB8-8789-4AD1-A5B0-354D5E69A596}.Release|Any CPU.Build.0 = Release|Any CPU
		{AD0D4137-081C-4ED5-8663-560FFDF88086}.Debug|Any CPU.ActiveCfg = Debug|Any CPU
		{AD0D4137-081C-4ED5-8663-560FFDF88086}.Debug|Any CPU.Build.0 = Debug|Any CPU
		{AD0D4137-081C-4ED5-8663-560FFDF88086}.Release|Any CPU.ActiveCfg = Release|Any CPU
		{AD0D4137-081C-4ED5-8663-560FFDF88086}.Release|Any CPU.Build.0 = Release|Any CPU
		{7964017C-F333-42A0-A54B-F560D210852C}.Debug|Any CPU.ActiveCfg = Debug|Any CPU
		{7964017C-F333-42A0-A54B-F560D210852C}.Debug|Any CPU.Build.0 = Debug|Any CPU
		{7964017C-F333-42A0-A54B-F560D210852C}.Release|Any CPU.ActiveCfg = Release|Any CPU
		{7964017C-F333-42A0-A54B-F560D210852C}.Release|Any CPU.Build.0 = Release|Any CPU
		{C6BD98B2-E462-45C8-B743-D8135FD53315}.Debug|Any CPU.ActiveCfg = Debug|Any CPU
		{C6BD98B2-E462-45C8-B743-D8135FD53315}.Debug|Any CPU.Build.0 = Debug|Any CPU
		{C6BD98B2-E462-45C8-B743-D8135FD53315}.Release|Any CPU.ActiveCfg = Release|Any CPU
		{C6BD98B2-E462-45C8-B743-D8135FD53315}.Release|Any CPU.Build.0 = Release|Any CPU
		{C75173C2-D20B-44F3-B1C2-211757722565}.Debug|Any CPU.ActiveCfg = Debug|Any CPU
		{C75173C2-D20B-44F3-B1C2-211757722565}.Debug|Any CPU.Build.0 = Debug|Any CPU
		{C75173C2-D20B-44F3-B1C2-211757722565}.Release|Any CPU.ActiveCfg = Release|Any CPU
		{C75173C2-D20B-44F3-B1C2-211757722565}.Release|Any CPU.Build.0 = Release|Any CPU
	EndGlobalSection
	GlobalSection(SolutionProperties) = preSolution
		HideSolutionNode = FALSE
	EndGlobalSection
	GlobalSection(NestedProjects) = preSolution
		{7BBF355A-DFEB-46C4-80A6-537E97489621} = {D9737366-C9B2-4056-85AF-4F439275F023}
		{0984C47F-38CD-467C-BFD4-4E4D73FFA76F} = {01A7D907-5C0F-4607-906E-DC022866E491}
		{D4EA8AB8-8789-4AD1-A5B0-354D5E69A596} = {01A7D907-5C0F-4607-906E-DC022866E491}
		{AD0D4137-081C-4ED5-8663-560FFDF88086} = {0EBDBF32-B4A0-4257-83A8-3565F6AF49AE}
		{7964017C-F333-42A0-A54B-F560D210852C} = {0EBDBF32-B4A0-4257-83A8-3565F6AF49AE}
		{C6BD98B2-E462-45C8-B743-D8135FD53315} = {0EBDBF32-B4A0-4257-83A8-3565F6AF49AE}
		{C75173C2-D20B-44F3-B1C2-211757722565} = {330629D9-20E6-4C34-9706-4C6CFE307B07}
	EndGlobalSection
	GlobalSection(ExtensibilityGlobals) = postSolution
		SolutionGuid = {5E61D5EF-8D50-4B65-8838-7EA629575B7F}
	EndGlobalSection
EndGlobal
